
Microsoft Visual Studio Solution File, Format Version 12.00
# Visual Studio Version 17
VisualStudioVersion = 17.8.34322.80
MinimumVisualStudioVersion = 10.0.40219.1
Project("{FAE04EC0-301F-11D3-BF4B-00C04F79EFBC}") = "Dizi_Uygulamasi", "Dizi_Uygulamasi.csproj", "{B4F1BBF0-C927-4DB5-A4E7-D0724C12D5E0}"
EndProject
Global
	GlobalSection(SolutionConfigurationPlatforms) = preSolution
		Debug|Any CPU = Debug|Any CPU
		Release|Any CPU = Release|Any CPU
	EndGlobalSection
	GlobalSection(ProjectConfigurationPlatforms) = postSolution
		{B4F1BBF0-C927-4DB5-A4E7-D0724C12D5E0}.Debug|Any CPU.ActiveCfg = Debug|Any CPU
		{B4F1BBF0-C927-4DB5-A4E7-D0724C12D5E0}.Debug|Any CPU.Build.0 = Debug|Any CPU
		{B4F1BBF0-C927-4DB5-A4E7-D0724C12D5E0}.Release|Any CPU.ActiveCfg = Release|Any CPU
		{B4F1BBF0-C927-4DB5-A4E7-D0724C12D5E0}.Release|Any CPU.Build.0 = Release|Any CPU
	EndGlobalSection
	GlobalSection(SolutionProperties) = preSolution
		HideSolutionNode = FALSE
	EndGlobalSection
	GlobalSection(ExtensibilityGlobals) = postSolution
		SolutionGuid = {826FD8FF-8A29-4333-9FFA-35D506111FE2}
	EndGlobalSection
EndGlobal
