
Microsoft Visual Studio Solution File, Format Version 12.00
# Visual Studio Version 17
VisualStudioVersion = 17.8.34322.80
MinimumVisualStudioVersion = 10.0.40219.1
Project("{FAE04EC0-301F-11D3-BF4B-00C04F79EFBC}") = "ShellSort", "ShellSort.csproj", "{AD6F8EB5-63FA-4973-9FAF-BCCBBF24A047}"
EndProject
Global
	GlobalSection(SolutionConfigurationPlatforms) = preSolution
		Debug|Any CPU = Debug|Any CPU
		Release|Any CPU = Release|Any CPU
	EndGlobalSection
	GlobalSection(ProjectConfigurationPlatforms) = postSolution
		{AD6F8EB5-63FA-4973-9FAF-BCCBBF24A047}.Debug|Any CPU.ActiveCfg = Debug|Any CPU
		{AD6F8EB5-63FA-4973-9FAF-BCCBBF24A047}.Debug|Any CPU.Build.0 = Debug|Any CPU
		{AD6F8EB5-63FA-4973-9FAF-BCCBBF24A047}.Release|Any CPU.ActiveCfg = Release|Any CPU
		{AD6F8EB5-63FA-4973-9FAF-BCCBBF24A047}.Release|Any CPU.Build.0 = Release|Any CPU
	EndGlobalSection
	GlobalSection(SolutionProperties) = preSolution
		HideSolutionNode = FALSE
	EndGlobalSection
	GlobalSection(ExtensibilityGlobals) = postSolution
		SolutionGuid = {6720C6E9-ECB2-487B-8179-C882D514F3BE}
	EndGlobalSection
EndGlobal
