
Microsoft Visual Studio Solution File, Format Version 12.00
# Visual Studio Version 17
VisualStudioVersion = 17.8.34322.80
MinimumVisualStudioVersion = 10.0.40219.1
Project("{FAE04EC0-301F-11D3-BF4B-00C04F79EFBC}") = "MergeSort", "MergeSort.csproj", "{772644E2-FE4B-435C-A2AD-65E15C758E3D}"
EndProject
Global
	GlobalSection(SolutionConfigurationPlatforms) = preSolution
		Debug|Any CPU = Debug|Any CPU
		Release|Any CPU = Release|Any CPU
	EndGlobalSection
	GlobalSection(ProjectConfigurationPlatforms) = postSolution
		{772644E2-FE4B-435C-A2AD-65E15C758E3D}.Debug|Any CPU.ActiveCfg = Debug|Any CPU
		{772644E2-FE4B-435C-A2AD-65E15C758E3D}.Debug|Any CPU.Build.0 = Debug|Any CPU
		{772644E2-FE4B-435C-A2AD-65E15C758E3D}.Release|Any CPU.ActiveCfg = Release|Any CPU
		{772644E2-FE4B-435C-A2AD-65E15C758E3D}.Release|Any CPU.Build.0 = Release|Any CPU
	EndGlobalSection
	GlobalSection(SolutionProperties) = preSolution
		HideSolutionNode = FALSE
	EndGlobalSection
	GlobalSection(ExtensibilityGlobals) = postSolution
		SolutionGuid = {0E151CF4-D2BF-4247-BC90-E7BEF18A8E93}
	EndGlobalSection
EndGlobal
